
Microsoft Visual Studio Solution File, Format Version 11.00
# Visual Studio 2010
Project("{FAE04EC0-301F-11D3-BF4B-00C04F79EFBC}") = "SimpleInput.Runtime", "SimpleInput.Runtime.csproj", "{5d48e62b-9b85-948c-6bb6-d2ab63a79810}"
EndProject
Project("{FAE04EC0-301F-11D3-BF4B-00C04F79EFBC}") = "SimpleInput.Editor", "SimpleInput.Editor.csproj", "{e9ca6b46-5390-7eca-ec43-95c151a47103}"
EndProject
Project("{FAE04EC0-301F-11D3-BF4B-00C04F79EFBC}") = "Assembly-CSharp", "Assembly-CSharp.csproj", "{4c0dbfd6-959c-cd88-5760-d654c1e965a2}"
EndProject
Project("{FAE04EC0-301F-11D3-BF4B-00C04F79EFBC}") = "Assembly-CSharp-Editor", "Assembly-CSharp-Editor.csproj", "{9943bde4-d007-8e5e-5d4d-a9d7357eb078}"
EndProject
Project("{2150E333-8FDC-42A3-9474-1A3956D46DE8}") = "SettingMenu", "SettingMenu", "{1B18704B-63D2-44DF-A047-88A23261C810}"
	ProjectSection(SolutionItems) = preProject
		VolumeSetting.cs = VolumeSetting.cs
	EndProjectSection
EndProject
Global
	GlobalSection(SolutionConfigurationPlatforms) = preSolution
		Debug|Any CPU = Debug|Any CPU
	EndGlobalSection
	GlobalSection(ProjectConfigurationPlatforms) = postSolution
		{5d48e62b-9b85-948c-6bb6-d2ab63a79810}.Debug|Any CPU.ActiveCfg = Debug|Any CPU
		{5d48e62b-9b85-948c-6bb6-d2ab63a79810}.Debug|Any CPU.Build.0 = Debug|Any CPU
		{e9ca6b46-5390-7eca-ec43-95c151a47103}.Debug|Any CPU.ActiveCfg = Debug|Any CPU
		{e9ca6b46-5390-7eca-ec43-95c151a47103}.Debug|Any CPU.Build.0 = Debug|Any CPU
		{4c0dbfd6-959c-cd88-5760-d654c1e965a2}.Debug|Any CPU.ActiveCfg = Debug|Any CPU
		{4c0dbfd6-959c-cd88-5760-d654c1e965a2}.Debug|Any CPU.Build.0 = Debug|Any CPU
		{9943bde4-d007-8e5e-5d4d-a9d7357eb078}.Debug|Any CPU.ActiveCfg = Debug|Any CPU
		{9943bde4-d007-8e5e-5d4d-a9d7357eb078}.Debug|Any CPU.Build.0 = Debug|Any CPU
	EndGlobalSection
	GlobalSection(SolutionProperties) = preSolution
		HideSolutionNode = FALSE
	EndGlobalSection
EndGlobal
