
Microsoft Visual Studio Solution File, Format Version 12.00
# Visual Studio 15
Project("{FAE04EC0-301F-11D3-BF4B-00C04F79EFBC}") = "Assembly-CSharp", "Assembly-CSharp.csproj", "{D6BF0D4C-9C95-88CD-5760-D654C1E965A2}"
EndProject
Project("{FAE04EC0-301F-11D3-BF4B-00C04F79EFBC}") = "Assembly-CSharp-Editor", "Assembly-CSharp-Editor.csproj", "{E4BD4399-07D0-5E8E-5D4D-A9D7357EB078}"
EndProject
Project("{2150E333-8FDC-42A3-9474-1A3956D46DE8}") = "SettingMenu", "SettingMenu", "{1B18704B-63D2-44DF-A047-88A23261C810}"
	ProjectSection(SolutionItems) = preProject
		VolumeSetting.cs = VolumeSetting.cs
	EndProjectSection
EndProject
Global
	GlobalSection(SolutionConfigurationPlatforms) = preSolution
		Debug|Any CPU = Debug|Any CPU
		Release|Any CPU = Release|Any CPU
	EndGlobalSection
	GlobalSection(ProjectConfigurationPlatforms) = postSolution
		{D6BF0D4C-9C95-88CD-5760-D654C1E965A2}.Debug|Any CPU.ActiveCfg = Debug|Any CPU
		{D6BF0D4C-9C95-88CD-5760-D654C1E965A2}.Debug|Any CPU.Build.0 = Debug|Any CPU
		{D6BF0D4C-9C95-88CD-5760-D654C1E965A2}.Release|Any CPU.ActiveCfg = Release|Any CPU
		{D6BF0D4C-9C95-88CD-5760-D654C1E965A2}.Release|Any CPU.Build.0 = Release|Any CPU
		{E4BD4399-07D0-5E8E-5D4D-A9D7357EB078}.Debug|Any CPU.ActiveCfg = Debug|Any CPU
		{E4BD4399-07D0-5E8E-5D4D-A9D7357EB078}.Debug|Any CPU.Build.0 = Debug|Any CPU
		{E4BD4399-07D0-5E8E-5D4D-A9D7357EB078}.Release|Any CPU.ActiveCfg = Release|Any CPU
		{E4BD4399-07D0-5E8E-5D4D-A9D7357EB078}.Release|Any CPU.Build.0 = Release|Any CPU
	EndGlobalSection
	GlobalSection(SolutionProperties) = preSolution
		HideSolutionNode = FALSE
	EndGlobalSection
EndGlobal
